
Microsoft Visual Studio Solution File, Format Version 12.00
# Visual Studio Version 16
VisualStudioVersion = 16.0.32126.315
MinimumVisualStudioVersion = 10.0.40219.1
Project("{FAE04EC0-301F-11D3-BF4B-00C04F79EFBC}") = "JoseTFG", "JoseTFG.csproj", "{63BBAF68-99FF-493C-A94D-7F0735247919}"
EndProject
Global
	GlobalSection(SolutionConfigurationPlatforms) = preSolution
		Debug|Any CPU = Debug|Any CPU
		Release|Any CPU = Release|Any CPU
	EndGlobalSection
	GlobalSection(ProjectConfigurationPlatforms) = postSolution
		{63BBAF68-99FF-493C-A94D-7F0735247919}.Debug|Any CPU.ActiveCfg = Debug|Any CPU
		{63BBAF68-99FF-493C-A94D-7F0735247919}.Debug|Any CPU.Build.0 = Debug|Any CPU
		{63BBAF68-99FF-493C-A94D-7F0735247919}.Debug|Any CPU.Deploy.0 = Debug|Any CPU
		{63BBAF68-99FF-493C-A94D-7F0735247919}.Release|Any CPU.ActiveCfg = Release|Any CPU
		{63BBAF68-99FF-493C-A94D-7F0735247919}.Release|Any CPU.Build.0 = Release|Any CPU
		{63BBAF68-99FF-493C-A94D-7F0735247919}.Release|Any CPU.Deploy.0 = Release|Any CPU
	EndGlobalSection
	GlobalSection(SolutionProperties) = preSolution
		HideSolutionNode = FALSE
	EndGlobalSection
	GlobalSection(ExtensibilityGlobals) = postSolution
		SolutionGuid = {986AED1C-2658-475F-8D9A-70AF9CAD26C3}
	EndGlobalSection
EndGlobal
